
Microsoft Visual Studio Solution File, Format Version 12.00
# Visual Studio Version 17
VisualStudioVersion = 17.14.36221.1 d17.14
MinimumVisualStudioVersion = 10.0.40219.1
Project("{FAE04EC0-301F-11D3-BF4B-00C04F79EFBC}") = "AppCalendarioLaboral", "AppCalendarioLaboral\AppCalendarioLaboral.csproj", "{0A463E52-E3A4-490C-BD76-6B3F5DEF132B}"
EndProject
Global
	GlobalSection(SolutionConfigurationPlatforms) = preSolution
		Debug|Any CPU = Debug|Any CPU
		Release|Any CPU = Release|Any CPU
	EndGlobalSection
	GlobalSection(ProjectConfigurationPlatforms) = postSolution
		{0A463E52-E3A4-490C-BD76-6B3F5DEF132B}.Debug|Any CPU.ActiveCfg = Debug|Any CPU
		{0A463E52-E3A4-490C-BD76-6B3F5DEF132B}.Debug|Any CPU.Build.0 = Debug|Any CPU
		{0A463E52-E3A4-490C-BD76-6B3F5DEF132B}.Debug|Any CPU.Deploy.0 = Debug|Any CPU
		{0A463E52-E3A4-490C-BD76-6B3F5DEF132B}.Release|Any CPU.ActiveCfg = Release|Any CPU
		{0A463E52-E3A4-490C-BD76-6B3F5DEF132B}.Release|Any CPU.Build.0 = Release|Any CPU
		{0A463E52-E3A4-490C-BD76-6B3F5DEF132B}.Release|Any CPU.Deploy.0 = Release|Any CPU
	EndGlobalSection
	GlobalSection(SolutionProperties) = preSolution
		HideSolutionNode = FALSE
	EndGlobalSection
	GlobalSection(ExtensibilityGlobals) = postSolution
		SolutionGuid = {C68870BF-D819-4B11-A22F-537CDE133B57}
	EndGlobalSection
EndGlobal
